// !$*UTF8*$!
{
	archiveVersion = 1;
	classes = {
	};
	objectVersion = 48;
	objects = {

/* Begin PBXBuildFile section */
		445FEBE3E6441F7AA7A8DD62 /* Pods_InstagramClone.framework in Frameworks */ = {isa = PBXBuildFile; fileRef = 1E4D4079AE01BD0C8C221539 /* Pods_InstagramClone.framework */; };
		D80F2DF5205C4EA700850EB7 /* Posts.swift in Sources */ = {isa = PBXBuildFile; fileRef = D80F2DF4205C4EA700850EB7 /* Posts.swift */; };
		D8302677205C2AE3006ED303 /* GoogleService-Info.plist in Resources */ = {isa = PBXBuildFile; fileRef = D8302676205C2AE3006ED303 /* GoogleService-Info.plist */; };
		D8463A97205AFA9600DDF9A6 /* AppDelegate.swift in Sources */ = {isa = PBXBuildFile; fileRef = D8463A96205AFA9600DDF9A6 /* AppDelegate.swift */; };
		D8463A99205AFA9600DDF9A6 /* ViewController.swift in Sources */ = {isa = PBXBuildFile; fileRef = D8463A98205AFA9600DDF9A6 /* ViewController.swift */; };
		D8463A9C205AFA9600DDF9A6 /* Main.storyboard in Resources */ = {isa = PBXBuildFile; fileRef = D8463A9A205AFA9600DDF9A6 /* Main.storyboard */; };
		D8463A9E205AFA9600DDF9A6 /* Assets.xcassets in Resources */ = {isa = PBXBuildFile; fileRef = D8463A9D205AFA9600DDF9A6 /* Assets.xcassets */; };
		D8463AA1205AFA9600DDF9A6 /* LaunchScreen.storyboard in Resources */ = {isa = PBXBuildFile; fileRef = D8463A9F205AFA9600DDF9A6 /* LaunchScreen.storyboard */; };
		D8463AAD205AFFAF00DDF9A6 /* HomeTableViewController.swift in Sources */ = {isa = PBXBuildFile; fileRef = D8463AAC205AFFAF00DDF9A6 /* HomeTableViewController.swift */; };
		D8463AAF205B041700DDF9A6 /* Cell.swift in Sources */ = {isa = PBXBuildFile; fileRef = D8463AAE205B041700DDF9A6 /* Cell.swift */; };
		D8D68FBF205CB94400D5E2C2 /* TextFieldDelegate.swift in Sources */ = {isa = PBXBuildFile; fileRef = D8D68FBE205CB94400D5E2C2 /* TextFieldDelegate.swift */; };
/* End PBXBuildFile section */

/* Begin PBXFileReference section */
		1E4D4079AE01BD0C8C221539 /* Pods_InstagramClone.framework */ = {isa = PBXFileReference; explicitFileType = wrapper.framework; includeInIndex = 0; path = Pods_InstagramClone.framework; sourceTree = BUILT_PRODUCTS_DIR; };
		A7CE0E581DC4661E50ED8AAC /* Pods-InstagramClone.release.xcconfig */ = {isa = PBXFileReference; includeInIndex = 1; lastKnownFileType = text.xcconfig; name = "Pods-InstagramClone.release.xcconfig"; path = "Pods/Target Support Files/Pods-InstagramClone/Pods-InstagramClone.release.xcconfig"; sourceTree = "<group>"; };
		C5634404A8971BEBC39E58EF /* Pods-InstagramClone.debug.xcconfig */ = {isa = PBXFileReference; includeInIndex = 1; lastKnownFileType = text.xcconfig; name = "Pods-InstagramClone.debug.xcconfig"; path = "Pods/Target Support Files/Pods-InstagramClone/Pods-InstagramClone.debug.xcconfig"; sourceTree = "<group>"; };
		D80F2DF4205C4EA700850EB7 /* Posts.swift */ = {isa = PBXFileReference; lastKnownFileType = sourcecode.swift; path = Posts.swift; sourceTree = "<group>"; };
		D8302676205C2AE3006ED303 /* GoogleService-Info.plist */ = {isa = PBXFileReference; fileEncoding = 4; lastKnownFileType = text.plist.xml; path = "GoogleService-Info.plist"; sourceTree = "<group>"; };
		D8463A93205AFA9500DDF9A6 /* InstagramClone.app */ = {isa = PBXFileReference; explicitFileType = wrapper.application; includeInIndex = 0; path = InstagramClone.app; sourceTree = BUILT_PRODUCTS_DIR; };
		D8463A96205AFA9600DDF9A6 /* AppDelegate.swift */ = {isa = PBXFileReference; lastKnownFileType = sourcecode.swift; path = AppDelegate.swift; sourceTree = "<group>"; };
		D8463A98205AFA9600DDF9A6 /* ViewController.swift */ = {isa = PBXFileReference; lastKnownFileType = sourcecode.swift; path = ViewController.swift; sourceTree = "<group>"; };
		D8463A9B205AFA9600DDF9A6 /* Base */ = {isa = PBXFileReference; lastKnownFileType = file.storyboard; name = Base; path = Base.lproj/Main.storyboard; sourceTree = "<group>"; };
		D8463A9D205AFA9600DDF9A6 /* Assets.xcassets */ = {isa = PBXFileReference; lastKnownFileType = folder.assetcatalog; path = Assets.xcassets; sourceTree = "<group>"; };
		D8463AA0205AFA9600DDF9A6 /* Base */ = {isa = PBXFileReference; lastKnownFileType = file.storyboard; name = Base; path = Base.lproj/LaunchScreen.storyboard; sourceTree = "<group>"; };
		D8463AA2205AFA9600DDF9A6 /* Info.plist */ = {isa = PBXFileReference; lastKnownFileType = text.plist.xml; path = Info.plist; sourceTree = "<group>"; };
		D8463AAC205AFFAF00DDF9A6 /* HomeTableViewController.swift */ = {isa = PBXFileReference; lastKnownFileType = sourcecode.swift; path = HomeTableViewController.swift; sourceTree = "<group>"; };
		D8463AAE205B041700DDF9A6 /* Cell.swift */ = {isa = PBXFileReference; lastKnownFileType = sourcecode.swift; path = Cell.swift; sourceTree = "<group>"; };
		D8D68FBE205CB94400D5E2C2 /* TextFieldDelegate.swift */ = {isa = PBXFileReference; fileEncoding = 4; lastKnownFileType = sourcecode.swift; path = TextFieldDelegate.swift; sourceTree = "<group>"; };
/* End PBXFileReference section */

/* Begin PBXFrameworksBuildPhase section */
		D8463A90205AFA9500DDF9A6 /* Frameworks */ = {
			isa = PBXFrameworksBuildPhase;
			buildActionMask = 2147483647;
			files = (
				445FEBE3E6441F7AA7A8DD62 /* Pods_InstagramClone.framework in Frameworks */,
			);
			runOnlyForDeploymentPostprocessing = 0;
		};
/* End PBXFrameworksBuildPhase section */

/* Begin PBXGroup section */
		0A9BEC82C2E8E0FBF9465291 /* Frameworks */ = {
			isa = PBXGroup;
			children = (
				1E4D4079AE01BD0C8C221539 /* Pods_InstagramClone.framework */,
			);
			name = Frameworks;
			sourceTree = "<group>";
		};
		D00C66DF425322EE1DA102DC /* Pods */ = {
			isa = PBXGroup;
			children = (
				C5634404A8971BEBC39E58EF /* Pods-InstagramClone.debug.xcconfig */,
				A7CE0E581DC4661E50ED8AAC /* Pods-InstagramClone.release.xcconfig */,
			);
			name = Pods;
			sourceTree = "<group>";
		};
		D8463A8A205AFA9500DDF9A6 = {
			isa = PBXGroup;
			children = (
				D8463A95205AFA9500DDF9A6 /* InstagramClone */,
				D8463A94205AFA9500DDF9A6 /* Products */,
				D00C66DF425322EE1DA102DC /* Pods */,
				0A9BEC82C2E8E0FBF9465291 /* Frameworks */,
			);
			sourceTree = "<group>";
		};
		D8463A94205AFA9500DDF9A6 /* Products */ = {
			isa = PBXGroup;
			children = (
				D8463A93205AFA9500DDF9A6 /* InstagramClone.app */,
			);
			name = Products;
			sourceTree = "<group>";
		};
		D8463A95205AFA9500DDF9A6 /* InstagramClone */ = {
			isa = PBXGroup;
			children = (
				D8463A96205AFA9600DDF9A6 /* AppDelegate.swift */,
				D8463AAE205B041700DDF9A6 /* Cell.swift */,
				D80F2DF4205C4EA700850EB7 /* Posts.swift */,
				D8463AAC205AFFAF00DDF9A6 /* HomeTableViewController.swift */,
				D8D68FBE205CB94400D5E2C2 /* TextFieldDelegate.swift */,
				D8463A98205AFA9600DDF9A6 /* ViewController.swift */,
				D8463A9A205AFA9600DDF9A6 /* Main.storyboard */,
				D8463A9D205AFA9600DDF9A6 /* Assets.xcassets */,
				D8463A9F205AFA9600DDF9A6 /* LaunchScreen.storyboard */,
				D8463AA2205AFA9600DDF9A6 /* Info.plist */,
				D8302676205C2AE3006ED303 /* GoogleService-Info.plist */,
			);
			path = InstagramClone;
			sourceTree = "<group>";
		};
/* End PBXGroup section */

/* Begin PBXNativeTarget section */
		D8463A92205AFA9500DDF9A6 /* InstagramClone */ = {
			isa = PBXNativeTarget;
			buildConfigurationList = D8463AA5205AFA9600DDF9A6 /* Build configuration list for PBXNativeTarget "InstagramClone" */;
			buildPhases = (
				5BD6546477C14FB3213D6CA3 /* [CP] Check Pods Manifest.lock */,
				D8463A8F205AFA9500DDF9A6 /* Sources */,
				D8463A90205AFA9500DDF9A6 /* Frameworks */,
				D8463A91205AFA9500DDF9A6 /* Resources */,
				1019845AFC05A352C03E9B1E /* [CP] Embed Pods Frameworks */,
				4903600F8410F3FB45B199B9 /* [CP] Copy Pods Resources */,
			);
			buildRules = (
			);
			dependencies = (
			);
			name = InstagramClone;
			productName = InstagramClone;
			productReference = D8463A93205AFA9500DDF9A6 /* InstagramClone.app */;
			productType = "com.apple.product-type.application";
		};
/* End PBXNativeTarget section */

/* Begin PBXProject section */
		D8463A8B205AFA9500DDF9A6 /* Project object */ = {
			isa = PBXProject;
			attributes = {
				LastSwiftUpdateCheck = 0920;
				LastUpgradeCheck = 0920;
				ORGANIZATIONNAME = "Tim Liew";
				TargetAttributes = {
					D8463A92205AFA9500DDF9A6 = {
						CreatedOnToolsVersion = 9.2;
						ProvisioningStyle = Automatic;
					};
				};
			};
			buildConfigurationList = D8463A8E205AFA9500DDF9A6 /* Build configuration list for PBXProject "InstagramClone" */;
			compatibilityVersion = "Xcode 8.0";
			developmentRegion = en;
			hasScannedForEncodings = 0;
			knownRegions = (
				en,
				Base,
			);
			mainGroup = D8463A8A205AFA9500DDF9A6;
			productRefGroup = D8463A94205AFA9500DDF9A6 /* Products */;
			projectDirPath = "";
			projectRoot = "";
			targets = (
				D8463A92205AFA9500DDF9A6 /* InstagramClone */,
			);
		};
/* End PBXProject section */

/* Begin PBXResourcesBuildPhase section */
		D8463A91205AFA9500DDF9A6 /* Resources */ = {
			isa = PBXResourcesBuildPhase;
			buildActionMask = 2147483647;
			files = (
				D8463AA1205AFA9600DDF9A6 /* LaunchScreen.storyboard in Resources */,
				D8463A9E205AFA9600DDF9A6 /* Assets.xcassets in Resources */,
				D8463A9C205AFA9600DDF9A6 /* Main.storyboard in Resources */,
				D8302677205C2AE3006ED303 /* GoogleService-Info.plist in Resources */,
			);
			runOnlyForDeploymentPostprocessing = 0;
		};
/* End PBXResourcesBuildPhase section */

/* Begin PBXShellScriptBuildPhase section */
		1019845AFC05A352C03E9B1E /* [CP] Embed Pods Frameworks */ = {
			isa = PBXShellScriptBuildPhase;
			buildActionMask = 2147483647;
			files = (
			);
			inputPaths = (
				"${SRCROOT}/Pods/Target Support Files/Pods-InstagramClone/Pods-InstagramClone-frameworks.sh",
				"${BUILT_PRODUCTS_DIR}/GTMSessionFetcher/GTMSessionFetcher.framework",
				"${BUILT_PRODUCTS_DIR}/GoogleToolboxForMac/GoogleToolboxForMac.framework",
				"${BUILT_PRODUCTS_DIR}/SwiftyJSON/SwiftyJSON.framework",
				"${BUILT_PRODUCTS_DIR}/leveldb-library/leveldb.framework",
				"${BUILT_PRODUCTS_DIR}/nanopb/nanopb.framework",
			);
			name = "[CP] Embed Pods Frameworks";
			outputPaths = (
				"${TARGET_BUILD_DIR}/${FRAMEWORKS_FOLDER_PATH}/GTMSessionFetcher.framework",
				"${TARGET_BUILD_DIR}/${FRAMEWORKS_FOLDER_PATH}/GoogleToolboxForMac.framework",
				"${TARGET_BUILD_DIR}/${FRAMEWORKS_FOLDER_PATH}/SwiftyJSON.framework",
				"${TARGET_BUILD_DIR}/${FRAMEWORKS_FOLDER_PATH}/leveldb.framework",
				"${TARGET_BUILD_DIR}/${FRAMEWORKS_FOLDER_PATH}/nanopb.framework",
			);
			runOnlyForDeploymentPostprocessing = 0;
			shellPath = /bin/sh;
			shellScript = "\"${SRCROOT}/Pods/Target Support Files/Pods-InstagramClone/Pods-InstagramClone-frameworks.sh\"\n";
			showEnvVarsInLog = 0;
		};
		4903600F8410F3FB45B199B9 /* [CP] Copy Pods Resources */ = {
			isa = PBXShellScriptBuildPhase;
			buildActionMask = 2147483647;
			files = (
			);
			inputPaths = (
			);
			name = "[CP] Copy Pods Resources";
			outputPaths = (
			);
			runOnlyForDeploymentPostprocessing = 0;
			shellPath = /bin/sh;
			shellScript = "\"${SRCROOT}/Pods/Target Support Files/Pods-InstagramClone/Pods-InstagramClone-resources.sh\"\n";
			showEnvVarsInLog = 0;
		};
		5BD6546477C14FB3213D6CA3 /* [CP] Check Pods Manifest.lock */ = {
			isa = PBXShellScriptBuildPhase;
			buildActionMask = 2147483647;
			files = (
			);
			inputPaths = (
				"${PODS_PODFILE_DIR_PATH}/Podfile.lock",
				"${PODS_ROOT}/Manifest.lock",
			);
			name = "[CP] Check Pods Manifest.lock";
			outputPaths = (
				"$(DERIVED_FILE_DIR)/Pods-InstagramClone-checkManifestLockResult.txt",
			);
			runOnlyForDeploymentPostprocessing = 0;
			shellPath = /bin/sh;
			shellScript = "diff \"${PODS_PODFILE_DIR_PATH}/Podfile.lock\" \"${PODS_ROOT}/Manifest.lock\" > /dev/null\nif [ $? != 0 ] ; then\n    # print error to STDERR\n    echo \"error: The sandbox is not in sync with the Podfile.lock. Run 'pod install' or update your CocoaPods installation.\" >&2\n    exit 1\nfi\n# This output is used by Xcode 'outputs' to avoid re-running this script phase.\necho \"SUCCESS\" > \"${SCRIPT_OUTPUT_FILE_0}\"\n";
			showEnvVarsInLog = 0;
		};
/* End PBXShellScriptBuildPhase section */

/* Begin PBXSourcesBuildPhase section */
		D8463A8F205AFA9500DDF9A6 /* Sources */ = {
			isa = PBXSourcesBuildPhase;
			buildActionMask = 2147483647;
			files = (
				D8463AAD205AFFAF00DDF9A6 /* HomeTableViewController.swift in Sources */,
				D80F2DF5205C4EA700850EB7 /* Posts.swift in Sources */,
				D8D68FBF205CB94400D5E2C2 /* TextFieldDelegate.swift in Sources */,
				D8463AAF205B041700DDF9A6 /* Cell.swift in Sources */,
				D8463A99205AFA9600DDF9A6 /* ViewController.swift in Sources */,
				D8463A97205AFA9600DDF9A6 /* AppDelegate.swift in Sources */,
			);
			runOnlyForDeploymentPostprocessing = 0;
		};
/* End PBXSourcesBuildPhase section */

/* Begin PBXVariantGroup section */
		D8463A9A205AFA9600DDF9A6 /* Main.storyboard */ = {
			isa = PBXVariantGroup;
			children = (
				D8463A9B205AFA9600DDF9A6 /* Base */,
			);
			name = Main.storyboard;
			sourceTree = "<group>";
		};
		D8463A9F205AFA9600DDF9A6 /* LaunchScreen.storyboard */ = {
			isa = PBXVariantGroup;
			children = (
				D8463AA0205AFA9600DDF9A6 /* Base */,
			);
			name = LaunchScreen.storyboard;
			sourceTree = "<group>";
		};
/* End PBXVariantGroup section */

/* Begin XCBuildConfiguration section */
		D8463AA3205AFA9600DDF9A6 /* Debug */ = {
			isa = XCBuildConfiguration;
			buildSettings = {
				ALWAYS_SEARCH_USER_PATHS = NO;
				CLANG_ANALYZER_NONNULL = YES;
				CLANG_ANALYZER_NUMBER_OBJECT_CONVERSION = YES_AGGRESSIVE;
				CLANG_CXX_LANGUAGE_STANDARD = "gnu++14";
				CLANG_CXX_LIBRARY = "libc++";
				CLANG_ENABLE_MODULES = YES;
				CLANG_ENABLE_OBJC_ARC = YES;
				CLANG_WARN_BLOCK_CAPTURE_AUTORELEASING = YES;
				CLANG_WARN_BOOL_CONVERSION = YES;
				CLANG_WARN_COMMA = YES;
				CLANG_WARN_CONSTANT_CONVERSION = YES;
				CLANG_WARN_DIRECT_OBJC_ISA_USAGE = YES_ERROR;
				CLANG_WARN_DOCUMENTATION_COMMENTS = YES;
				CLANG_WARN_EMPTY_BODY = YES;
				CLANG_WARN_ENUM_CONVERSION = YES;
				CLANG_WARN_INFINITE_RECURSION = YES;
				CLANG_WARN_INT_CONVERSION = YES;
				CLANG_WARN_NON_LITERAL_NULL_CONVERSION = YES;
				CLANG_WARN_OBJC_LITERAL_CONVERSION = YES;
				CLANG_WARN_OBJC_ROOT_CLASS = YES_ERROR;
				CLANG_WARN_RANGE_LOOP_ANALYSIS = YES;
				CLANG_WARN_STRICT_PROTOTYPES = YES;
				CLANG_WARN_SUSPICIOUS_MOVE = YES;
				CLANG_WARN_UNGUARDED_AVAILABILITY = YES_AGGRESSIVE;
				CLANG_WARN_UNREACHABLE_CODE = YES;
				CLANG_WARN__DUPLICATE_METHOD_MATCH = YES;
				CODE_SIGN_IDENTITY = "iPhone Developer";
				COPY_PHASE_STRIP = NO;
				DEBUG_INFORMATION_FORMAT = dwarf;
				ENABLE_STRICT_OBJC_MSGSEND = YES;
				ENABLE_TESTABILITY = YES;
				GCC_C_LANGUAGE_STANDARD = gnu11;
				GCC_DYNAMIC_NO_PIC = NO;
				GCC_NO_COMMON_BLOCKS = YES;
				GCC_OPTIMIZATION_LEVEL = 0;
				GCC_PREPROCESSOR_DEFINITIONS = (
					"DEBUG=1",
					"$(inherited)",
				);
				GCC_WARN_64_TO_32_BIT_CONVERSION = YES;
				GCC_WARN_ABOUT_RETURN_TYPE = YES_ERROR;
				GCC_WARN_UNDECLARED_SELECTOR = YES;
				GCC_WARN_UNINITIALIZED_AUTOS = YES_AGGRESSIVE;
				GCC_WARN_UNUSED_FUNCTION = YES;
				GCC_WARN_UNUSED_VARIABLE = YES;
				IPHONEOS_DEPLOYMENT_TARGET = 11.2;
				MTL_ENABLE_DEBUG_INFO = YES;
				ONLY_ACTIVE_ARCH = YES;
				SDKROOT = iphoneos;
				SWIFT_ACTIVE_COMPILATION_CONDITIONS = DEBUG;
				SWIFT_OPTIMIZATION_LEVEL = "-Onone";
			};
			name = Debug;
		};
		D8463AA4205AFA9600DDF9A6 /* Release */ = {
			isa = XCBuildConfiguration;
			buildSettings = {
				ALWAYS_SEARCH_USER_PATHS = NO;
				CLANG_ANALYZER_NONNULL = YES;
				CLANG_ANALYZER_NUMBER_OBJECT_CONVERSION = YES_AGGRESSIVE;
				CLANG_CXX_LANGUAGE_STANDARD = "gnu++14";
				CLANG_CXX_LIBRARY = "libc++";
				CLANG_ENABLE_MODULES = YES;
				CLANG_ENABLE_OBJC_ARC = YES;
				CLANG_WARN_BLOCK_CAPTURE_AUTORELEASING = YES;
				CLANG_WARN_BOOL_CONVERSION = YES;
				CLANG_WARN_COMMA = YES;
				CLANG_WARN_CONSTANT_CONVERSION = YES;
				CLANG_WARN_DIRECT_OBJC_ISA_USAGE = YES_ERROR;
				CLANG_WARN_DOCUMENTATION_COMMENTS = YES;
				CLANG_WARN_EMPTY_BODY = YES;
				CLANG_WARN_ENUM_CONVERSION = YES;
				CLANG_WARN_INFINITE_RECURSION = YES;
				CLANG_WARN_INT_CONVERSION = YES;
				CLANG_WARN_NON_LITERAL_NULL_CONVERSION = YES;
				CLANG_WARN_OBJC_LITERAL_CONVERSION = YES;
				CLANG_WARN_OBJC_ROOT_CLASS = YES_ERROR;
				CLANG_WARN_RANGE_LOOP_ANALYSIS = YES;
				CLANG_WARN_STRICT_PROTOTYPES = YES;
				CLANG_WARN_SUSPICIOUS_MOVE = YES;
				CLANG_WARN_UNGUARDED_AVAILABILITY = YES_AGGRESSIVE;
				CLANG_WARN_UNREACHABLE_CODE = YES;
				CLANG_WARN__DUPLICATE_METHOD_MATCH = YES;
				CODE_SIGN_IDENTITY = "iPhone Developer";
				COPY_PHASE_STRIP = NO;
				DEBUG_INFORMATION_FORMAT = "dwarf-with-dsym";
				ENABLE_NS_ASSERTIONS = NO;
				ENABLE_STRICT_OBJC_MSGSEND = YES;
				GCC_C_LANGUAGE_STANDARD = gnu11;
				GCC_NO_COMMON_BLOCKS = YES;
				GCC_WARN_64_TO_32_BIT_CONVERSION = YES;
				GCC_WARN_ABOUT_RETURN_TYPE = YES_ERROR;
				GCC_WARN_UNDECLARED_SELECTOR = YES;
				GCC_WARN_UNINITIALIZED_AUTOS = YES_AGGRESSIVE;
				GCC_WARN_UNUSED_FUNCTION = YES;
				GCC_WARN_UNUSED_VARIABLE = YES;
				IPHONEOS_DEPLOYMENT_TARGET = 11.2;
				MTL_ENABLE_DEBUG_INFO = NO;
				SDKROOT = iphoneos;
				SWIFT_OPTIMIZATION_LEVEL = "-Owholemodule";
				VALIDATE_PRODUCT = YES;
			};
			name = Release;
		};
		D8463AA6205AFA9600DDF9A6 /* Debug */ = {
			isa = XCBuildConfiguration;
			baseConfigurationReference = C5634404A8971BEBC39E58EF /* Pods-InstagramClone.debug.xcconfig */;
			buildSettings = {
				ASSETCATALOG_COMPILER_APPICON_NAME = AppIcon;
				CODE_SIGN_STYLE = Automatic;
				DEVELOPMENT_TEAM = HQR5LC8NJR;
				INFOPLIST_FILE = InstagramClone/Info.plist;
				LD_RUNPATH_SEARCH_PATHS = "$(inherited) @executable_path/Frameworks";
				PRODUCT_BUNDLE_IDENTIFIER = com.tim.lts.SimpleInstagram;
				PRODUCT_NAME = "$(TARGET_NAME)";
				SWIFT_VERSION = 4.0;
				TARGETED_DEVICE_FAMILY = "1,2";
			};
			name = Debug;
		};
		D8463AA7205AFA9600DDF9A6 /* Release */ = {
			isa = XCBuildConfiguration;
			baseConfigurationReference = A7CE0E581DC4661E50ED8AAC /* Pods-InstagramClone.release.xcconfig */;
			buildSettings = {
				ASSETCATALOG_COMPILER_APPICON_NAME = AppIcon;
				CODE_SIGN_STYLE = Automatic;
				DEVELOPMENT_TEAM = HQR5LC8NJR;
				INFOPLIST_FILE = InstagramClone/Info.plist;
				LD_RUNPATH_SEARCH_PATHS = "$(inherited) @executable_path/Frameworks";
				PRODUCT_BUNDLE_IDENTIFIER = com.tim.lts.SimpleInstagram;
				PRODUCT_NAME = "$(TARGET_NAME)";
				SWIFT_VERSION = 4.0;
				TARGETED_DEVICE_FAMILY = "1,2";
			};
			name = Release;
		};
/* End XCBuildConfiguration section */

/* Begin XCConfigurationList section */
		D8463A8E205AFA9500DDF9A6 /* Build configuration list for PBXProject "InstagramClone" */ = {
			isa = XCConfigurationList;
			buildConfigurations = (
				D8463AA3205AFA9600DDF9A6 /* Debug */,
				D8463AA4205AFA9600DDF9A6 /* Release */,
			);
			defaultConfigurationIsVisible = 0;
			defaultConfigurationName = Release;
		};
		D8463AA5205AFA9600DDF9A6 /* Build configuration list for PBXNativeTarget "InstagramClone" */ = {
			isa = XCConfigurationList;
			buildConfigurations = (
				D8463AA6205AFA9600DDF9A6 /* Debug */,
				D8463AA7205AFA9600DDF9A6 /* Release */,
			);
			defaultConfigurationIsVisible = 0;
			defaultConfigurationName = Release;
		};
/* End XCConfigurationList section */
	};
	rootObject = D8463A8B205AFA9500DDF9A6 /* Project object */;
}
